
Microsoft Visual Studio Solution File, Format Version 12.00
# Visual Studio 15
VisualStudioVersion = 15.0.27130.2020
MinimumVisualStudioVersion = 10.0.40219.1
Project("{FAE04EC0-301F-11D3-BF4B-00C04F79EFBC}") = "ASPDotNetSignalRSample", "ASPDotNetSignalRSample\ASPDotNetSignalRSample.csproj", "{4A42C7C8-CE5C-480F-BE38-9948B1317E1F}"
EndProject
Project("{FAE04EC0-301F-11D3-BF4B-00C04F79EFBC}") = "SignalRConsoleSample", "SignalRConsoleSample\SignalRConsoleSample.csproj", "{CF324497-EF24-4E07-A3FF-27FFC6F08421}"
EndProject
Project("{FAE04EC0-301F-11D3-BF4B-00C04F79EFBC}") = "SignalRFormSample", "SignalRFormSample\SignalRFormSample.csproj", "{3E3082F2-EADD-4D42-8069-45DCC7D6FA9B}"
EndProject
Global
	GlobalSection(SolutionConfigurationPlatforms) = preSolution
		Debug|Any CPU = Debug|Any CPU
		Release|Any CPU = Release|Any CPU
	EndGlobalSection
	GlobalSection(ProjectConfigurationPlatforms) = postSolution
		{4A42C7C8-CE5C-480F-BE38-9948B1317E1F}.Debug|Any CPU.ActiveCfg = Debug|Any CPU
		{4A42C7C8-CE5C-480F-BE38-9948B1317E1F}.Debug|Any CPU.Build.0 = Debug|Any CPU
		{4A42C7C8-CE5C-480F-BE38-9948B1317E1F}.Release|Any CPU.ActiveCfg = Release|Any CPU
		{4A42C7C8-CE5C-480F-BE38-9948B1317E1F}.Release|Any CPU.Build.0 = Release|Any CPU
		{CF324497-EF24-4E07-A3FF-27FFC6F08421}.Debug|Any CPU.ActiveCfg = Debug|Any CPU
		{CF324497-EF24-4E07-A3FF-27FFC6F08421}.Debug|Any CPU.Build.0 = Debug|Any CPU
		{CF324497-EF24-4E07-A3FF-27FFC6F08421}.Release|Any CPU.ActiveCfg = Release|Any CPU
		{CF324497-EF24-4E07-A3FF-27FFC6F08421}.Release|Any CPU.Build.0 = Release|Any CPU
		{3E3082F2-EADD-4D42-8069-45DCC7D6FA9B}.Debug|Any CPU.ActiveCfg = Debug|Any CPU
		{3E3082F2-EADD-4D42-8069-45DCC7D6FA9B}.Debug|Any CPU.Build.0 = Debug|Any CPU
		{3E3082F2-EADD-4D42-8069-45DCC7D6FA9B}.Release|Any CPU.ActiveCfg = Release|Any CPU
		{3E3082F2-EADD-4D42-8069-45DCC7D6FA9B}.Release|Any CPU.Build.0 = Release|Any CPU
	EndGlobalSection
	GlobalSection(SolutionProperties) = preSolution
		HideSolutionNode = FALSE
	EndGlobalSection
	GlobalSection(ExtensibilityGlobals) = postSolution
		SolutionGuid = {C6096CA0-631E-48A4-BB56-298E55063B0C}
	EndGlobalSection
EndGlobal
